# This file is automatically @generated by Poetry 1.8.3 and should not be changed by hand.

[[package]]
name = "annotated-types"
version = "0.7.0"
description = "Reusable constraint types to use with typing.Annotated"
optional = false
python-versions = ">=3.8"
files = [
    {file = "annotated_types-0.7.0-py3-none-any.whl", hash = "sha256:1f02e8b43a8fbbc3f3e0d4f0f4bfc8131bcb4eebe8849b8e5c773f3a1c582a53"},
    {file = "annotated_types-0.7.0.tar.gz", hash = "sha256:aff07c09a53a08bc8cfccb9c85b05f1aa9a2a6f23728d790723543408344ce89"},
]

[[package]]
name = "colorama"
version = "0.4.6"
description = "Cross-platform colored terminal text."
optional = false
python-versions = "!=3.0.*,!=3.1.*,!=3.2.*,!=3.3.*,!=3.4.*,!=3.5.*,!=3.6.*,>=2.7"
files = [
    {file = "colorama-0.4.6-py2.py3-none-any.whl", hash = "sha256:4f1d9991f5acc0ca119f9d443620b77f9d6b33703e51011c16baf57afb285fc6"},
    {file = "colorama-0.4.6.tar.gz", hash = "sha256:08695f5cb7ed6e0531a20572697297273c47b8cae5a63ffc6d6ed5c201be6e44"},
]

[[package]]
name = "nodeenv"
version = "1.9.1"
description = "Node.js virtual environment builder"
optional = false
python-versions = "!=3.0.*,!=3.1.*,!=3.2.*,!=3.3.*,!=3.4.*,!=3.5.*,!=3.6.*,>=2.7"
files = [
    {file = "nodeenv-1.9.1-py2.py3-none-any.whl", hash = "sha256:ba11c9782d29c27c70ffbdda2d7415098754709be8a7056d79a737cd901155c9"},
    {file = "nodeenv-1.9.1.tar.gz", hash = "sha256:6ec12890a2dab7946721edbfbcd91f3319c6ccc9aec47be7c7e6b7011ee6645f"},
]

[[package]]
name = "pydantic"
version = "2.9.2"
description = "Data validation using Python type hints"
optional = false
python-versions = ">=3.8"
files = [
    {file = "pydantic-2.9.2-py3-none-any.whl", hash = "sha256:f048cec7b26778210e28a0459867920654d48e5e62db0958433636cde4254f12"},
    {file = "pydantic-2.9.2.tar.gz", hash = "sha256:d155cef71265d1e9807ed1c32b4c8deec042a44a50a4188b25ac67ecd81a9c0f"},
]

[package.dependencies]
annotated-types = ">=0.6.0"
pydantic-core = "2.23.4"
typing-extensions = [
    {version = ">=4.12.2", markers = "python_version >= \"3.13\""},
    {version = ">=4.6.1", markers = "python_version < \"3.13\""},
]

[package.extras]
email = ["email-validator (>=2.0.0)"]
timezone = ["tzdata"]

[[package]]
name = "pydantic-core"
version = "2.23.4"
description = "Core functionality for Pydantic validation and serialization"
optional = false
python-versions = ">=3.8"
files = [
    {file = "pydantic_core-2.23.4-cp310-cp310-macosx_10_12_x86_64.whl", hash = "sha256:b10bd51f823d891193d4717448fab065733958bdb6a6b351967bd349d48d5c9b"},
    {file = "pydantic_core-2.23.4-cp310-cp310-macosx_11_0_arm64.whl", hash = "sha256:4fc714bdbfb534f94034efaa6eadd74e5b93c8fa6315565a222f7b6f42ca1166"},
    {file = "pydantic_core-2.23.4-cp310-cp310-manylinux_2_17_aarch64.manylinux2014_aarch64.whl", hash = "sha256:63e46b3169866bd62849936de036f901a9356e36376079b05efa83caeaa02ceb"},
    {file = "pydantic_core-2.23.4-cp310-cp310-manylinux_2_17_armv7l.manylinux2014_armv7l.whl", hash = "sha256:ed1a53de42fbe34853ba90513cea21673481cd81ed1be739f7f2efb931b24916"},
    {file = "pydantic_core-2.23.4-cp310-cp310-manylinux_2_17_ppc64le.manylinux2014_ppc64le.whl", hash = "sha256:cfdd16ab5e59fc31b5e906d1a3f666571abc367598e3e02c83403acabc092e07"},
    {file = "pydantic_core-2.23.4-cp310-cp310-manylinux_2_17_s390x.manylinux2014_s390x.whl", hash = "sha256:255a8ef062cbf6674450e668482456abac99a5583bbafb73f9ad469540a3a232"},
    {file = "pydantic_core-2.23.4-cp310-cp310-manylinux_2_17_x86_64.manylinux2014_x86_64.whl", hash = "sha256:4a7cd62e831afe623fbb7aabbb4fe583212115b3ef38a9f6b71869ba644624a2"},
    {file = "pydantic_core-2.23.4-cp310-cp310-manylinux_2_5_i686.manylinux1_i686.whl", hash = "sha256:f09e2ff1f17c2b51f2bc76d1cc33da96298f0a036a137f5440ab3ec5360b624f"},
    {file = "pydantic_core-2.23.4-cp310-cp310-musllinux_1_1_aarch64.whl", hash = "sha256:e38e63e6f3d1cec5a27e0afe90a085af8b6806ee208b33030e65b6516353f1a3"},
    {file = "pydantic_core-2.23.4-cp310-cp310-musllinux_1_1_x86_64.whl", hash = "sha256:0dbd8dbed2085ed23b5c04afa29d8fd2771674223135dc9bc937f3c09284d071"},
    {file = "pydantic_core-2.23.4-cp310-none-win32.whl", hash = "sha256:6531b7ca5f951d663c339002e91aaebda765ec7d61b7d1e3991051906ddde119"},
    {file = "pydantic_core-2.23.4-cp310-none-win_amd64.whl", hash = "sha256:7c9129eb40958b3d4500fa2467e6a83356b3b61bfff1b414c7361d9220f9ae8f"},
    {file = "pydantic_core-2.23.4-cp311-cp311-macosx_10_12_x86_64.whl", hash = "sha256:77733e3892bb0a7fa797826361ce8a9184d25c8dffaec60b7ffe928153680ba8"},
    {file = "pydantic_core-2.23.4-cp311-cp311-macosx_11_0_arm64.whl", hash = "sha256:1b84d168f6c48fabd1f2027a3d1bdfe62f92cade1fb273a5d68e621da0e44e6d"},
    {file = "pydantic_core-2.23.4-cp311-cp311-manylinux_2_17_aarch64.manylinux2014_aarch64.whl", hash = "sha256:df49e7a0861a8c36d089c1ed57d308623d60416dab2647a4a17fe050ba85de0e"},
    {file = "pydantic_core-2.23.4-cp311-cp311-manylinux_2_17_armv7l.manylinux2014_armv7l.whl", hash = "sha256:ff02b6d461a6de369f07ec15e465a88895f3223eb75073ffea56b84d9331f607"},
    {file = "pydantic_core-2.23.4-cp311-cp311-manylinux_2_17_ppc64le.manylinux2014_ppc64le.whl", hash = "sha256:996a38a83508c54c78a5f41456b0103c30508fed9abcad0a59b876d7398f25fd"},
    {file = "pydantic_core-2.23.4-cp311-cp311-manylinux_2_17_s390x.manylinux2014_s390x.whl", hash = "sha256:d97683ddee4723ae8c95d1eddac7c192e8c552da0c73a925a89fa8649bf13eea"},
    {file = "pydantic_core-2.23.4-cp311-cp311-manylinux_2_17_x86_64.manylinux2014_x86_64.whl", hash = "sha256:216f9b2d7713eb98cb83c80b9c794de1f6b7e3145eef40400c62e86cee5f4e1e"},
    {file = "pydantic_core-2.23.4-cp311-cp311-manylinux_2_5_i686.manylinux1_i686.whl", hash = "sha256:6f783e0ec4803c787bcea93e13e9932edab72068f68ecffdf86a99fd5918878b"},
    {file = "pydantic_core-2.23.4-cp311-cp311-musllinux_1_1_aarch64.whl", hash = "sha256:d0776dea117cf5272382634bd2a5c1b6eb16767c223c6a5317cd3e2a757c61a0"},
    {file = "pydantic_core-2.23.4-cp311-cp311-musllinux_1_1_x86_64.whl", hash = "sha256:d5f7a395a8cf1621939692dba2a6b6a830efa6b3cee787d82c7de1ad2930de64"},
    {file = "pydantic_core-2.23.4-cp311-none-win32.whl", hash = "sha256:74b9127ffea03643e998e0c5ad9bd3811d3dac8c676e47db17b0ee7c3c3bf35f"},
    {file = "pydantic_core-2.23.4-cp311-none-win_amd64.whl", hash = "sha256:98d134c954828488b153d88ba1f34e14259284f256180ce659e8d83e9c05eaa3"},
    {file = "pydantic_core-2.23.4-cp312-cp312-macosx_10_12_x86_64.whl", hash = "sha256:f3e0da4ebaef65158d4dfd7d3678aad692f7666877df0002b8a522cdf088f231"},
    {file = "pydantic_core-2.23.4-cp312-cp312-macosx_11_0_arm64.whl", hash = "sha256:f69a8e0b033b747bb3e36a44e7732f0c99f7edd5cea723d45bc0d6e95377ffee"},
    {file = "pydantic_core-2.23.4-cp312-cp312-manylinux_2_17_aarch64.manylinux2014_aarch64.whl", hash = "sha256:723314c1d51722ab28bfcd5240d858512ffd3116449c557a1336cbe3919beb87"},
    {file = "pydantic_core-2.23.4-cp312-cp312-manylinux_2_17_armv7l.manylinux2014_armv7l.whl", hash = "sha256:bb2802e667b7051a1bebbfe93684841cc9351004e2badbd6411bf357ab8d5ac8"},
    {file = "pydantic_core-2.23.4-cp312-cp312-manylinux_2_17_ppc64le.manylinux2014_ppc64le.whl", hash = "sha256:d18ca8148bebe1b0a382a27a8ee60350091a6ddaf475fa05ef50dc35b5df6327"},
    {file = "pydantic_core-2.23.4-cp312-cp312-manylinux_2_17_s390x.manylinux2014_s390x.whl", hash = "sha256:33e3d65a85a2a4a0dc3b092b938a4062b1a05f3a9abde65ea93b233bca0e03f2"},
    {file = "pydantic_core-2.23.4-cp312-cp312-manylinux_2_17_x86_64.manylinux2014_x86_64.whl", hash = "sha256:128585782e5bfa515c590ccee4b727fb76925dd04a98864182b22e89a4e6ed36"},
    {file = "pydantic_core-2.23.4-cp312-cp312-manylinux_2_5_i686.manylinux1_i686.whl", hash = "sha256:68665f4c17edcceecc112dfed5dbe6f92261fb9d6054b47d01bf6371a6196126"},
    {file = "pydantic_core-2.23.4-cp312-cp312-musllinux_1_1_aarch64.whl", hash = "sha256:20152074317d9bed6b7a95ade3b7d6054845d70584216160860425f4fbd5ee9e"},
    {file = "pydantic_core-2.23.4-cp312-cp312-musllinux_1_1_x86_64.whl", hash = "sha256:9261d3ce84fa1d38ed649c3638feefeae23d32ba9182963e465d58d62203bd24"},
    {file = "pydantic_core-2.23.4-cp312-none-win32.whl", hash = "sha256:4ba762ed58e8d68657fc1281e9bb72e1c3e79cc5d464be146e260c541ec12d84"},
    {file = "pydantic_core-2.23.4-cp312-none-win_amd64.whl", hash = "sha256:97df63000f4fea395b2824da80e169731088656d1818a11b95f3b173747b6cd9"},
    {file = "pydantic_core-2.23.4-cp313-cp313-macosx_10_12_x86_64.whl", hash = "sha256:7530e201d10d7d14abce4fb54cfe5b94a0aefc87da539d0346a484ead376c3cc"},
    {file = "pydantic_core-2.23.4-cp313-cp313-macosx_11_0_arm64.whl", hash = "sha256:df933278128ea1cd77772673c73954e53a1c95a4fdf41eef97c2b779271bd0bd"},
    {file = "pydantic_core-2.23.4-cp313-cp313-manylinux_2_17_aarch64.manylinux2014_aarch64.whl", hash = "sha256:0cb3da3fd1b6a5d0279a01877713dbda118a2a4fc6f0d821a57da2e464793f05"},
    {file = "pydantic_core-2.23.4-cp313-cp313-manylinux_2_17_armv7l.manylinux2014_armv7l.whl", hash = "sha256:42c6dcb030aefb668a2b7009c85b27f90e51e6a3b4d5c9bc4c57631292015b0d"},
    {file = "pydantic_core-2.23.4-cp313-cp313-manylinux_2_17_ppc64le.manylinux2014_ppc64le.whl", hash = "sha256:696dd8d674d6ce621ab9d45b205df149399e4bb9aa34102c970b721554828510"},
    {file = "pydantic_core-2.23.4-cp313-cp313-manylinux_2_17_s390x.manylinux2014_s390x.whl", hash = "sha256:2971bb5ffe72cc0f555c13e19b23c85b654dd2a8f7ab493c262071377bfce9f6"},
    {file = "pydantic_core-2.23.4-cp313-cp313-manylinux_2_17_x86_64.manylinux2014_x86_64.whl", hash = "sha256:8394d940e5d400d04cad4f75c0598665cbb81aecefaca82ca85bd28264af7f9b"},
    {file = "pydantic_core-2.23.4-cp313-cp313-manylinux_2_5_i686.manylinux1_i686.whl", hash = "sha256:0dff76e0602ca7d4cdaacc1ac4c005e0ce0dcfe095d5b5259163a80d3a10d327"},
    {file = "pydantic_core-2.23.4-cp313-cp313-musllinux_1_1_aarch64.whl", hash = "sha256:7d32706badfe136888bdea71c0def994644e09fff0bfe47441deaed8e96fdbc6"},
    {file = "pydantic_core-2.23.4-cp313-cp313-musllinux_1_1_x86_64.whl", hash = "sha256:ed541d70698978a20eb63d8c5d72f2cc6d7079d9d90f6b50bad07826f1320f5f"},
    {file = "pydantic_core-2.23.4-cp313-none-win32.whl", hash = "sha256:3d5639516376dce1940ea36edf408c554475369f5da2abd45d44621cb616f769"},
    {file = "pydantic_core-2.23.4-cp313-none-win_amd64.whl", hash = "sha256:5a1504ad17ba4210df3a045132a7baeeba5a200e930f57512ee02909fc5c4cb5"},
    {file = "pydantic_core-2.23.4-cp38-cp38-macosx_10_12_x86_64.whl", hash = "sha256:d4488a93b071c04dc20f5cecc3631fc78b9789dd72483ba15d423b5b3689b555"},
    {file = "pydantic_core-2.23.4-cp38-cp38-macosx_11_0_arm64.whl", hash = "sha256:81965a16b675b35e1d09dd14df53f190f9129c0202356ed44ab2728b1c905658"},
    {file = "pydantic_core-2.23.4-cp38-cp38-manylinux_2_17_aarch64.manylinux2014_aarch64.whl", hash = "sha256:4ffa2ebd4c8530079140dd2d7f794a9d9a73cbb8e9d59ffe24c63436efa8f271"},
    {file = "pydantic_core-2.23.4-cp38-cp38-manylinux_2_17_armv7l.manylinux2014_armv7l.whl", hash = "sha256:61817945f2fe7d166e75fbfb28004034b48e44878177fc54d81688e7b85a3665"},
    {file = "pydantic_core-2.23.4-cp38-cp38-manylinux_2_17_ppc64le.manylinux2014_ppc64le.whl", hash = "sha256:29d2c342c4bc01b88402d60189f3df065fb0dda3654744d5a165a5288a657368"},
    {file = "pydantic_core-2.23.4-cp38-cp38-manylinux_2_17_s390x.manylinux2014_s390x.whl", hash = "sha256:5e11661ce0fd30a6790e8bcdf263b9ec5988e95e63cf901972107efc49218b13"},
    {file = "pydantic_core-2.23.4-cp38-cp38-manylinux_2_17_x86_64.manylinux2014_x86_64.whl", hash = "sha256:9d18368b137c6295db49ce7218b1a9ba15c5bc254c96d7c9f9e924a9bc7825ad"},
    {file = "pydantic_core-2.23.4-cp38-cp38-manylinux_2_5_i686.manylinux1_i686.whl", hash = "sha256:ec4e55f79b1c4ffb2eecd8a0cfba9955a2588497d96851f4c8f99aa4a1d39b12"},
    {file = "pydantic_core-2.23.4-cp38-cp38-musllinux_1_1_aarch64.whl", hash = "sha256:374a5e5049eda9e0a44c696c7ade3ff355f06b1fe0bb945ea3cac2bc336478a2"},
    {file = "pydantic_core-2.23.4-cp38-cp38-musllinux_1_1_x86_64.whl", hash = "sha256:5c364564d17da23db1106787675fc7af45f2f7b58b4173bfdd105564e132e6fb"},
    {file = "pydantic_core-2.23.4-cp38-none-win32.whl", hash = "sha256:d7a80d21d613eec45e3d41eb22f8f94ddc758a6c4720842dc74c0581f54993d6"},
    {file = "pydantic_core-2.23.4-cp38-none-win_amd64.whl", hash = "sha256:5f5ff8d839f4566a474a969508fe1c5e59c31c80d9e140566f9a37bba7b8d556"},
    {file = "pydantic_core-2.23.4-cp39-cp39-macosx_10_12_x86_64.whl", hash = "sha256:a4fa4fc04dff799089689f4fd502ce7d59de529fc2f40a2c8836886c03e0175a"},
    {file = "pydantic_core-2.23.4-cp39-cp39-macosx_11_0_arm64.whl", hash = "sha256:0a7df63886be5e270da67e0966cf4afbae86069501d35c8c1b3b6c168f42cb36"},
    {file = "pydantic_core-2.23.4-cp39-cp39-manylinux_2_17_aarch64.manylinux2014_aarch64.whl", hash = "sha256:dcedcd19a557e182628afa1d553c3895a9f825b936415d0dbd3cd0bbcfd29b4b"},
    {file = "pydantic_core-2.23.4-cp39-cp39-manylinux_2_17_armv7l.manylinux2014_armv7l.whl", hash = "sha256:5f54b118ce5de9ac21c363d9b3caa6c800341e8c47a508787e5868c6b79c9323"},
    {file = "pydantic_core-2.23.4-cp39-cp39-manylinux_2_17_ppc64le.manylinux2014_ppc64le.whl", hash = "sha256:86d2f57d3e1379a9525c5ab067b27dbb8a0642fb5d454e17a9ac434f9ce523e3"},
    {file = "pydantic_core-2.23.4-cp39-cp39-manylinux_2_17_s390x.manylinux2014_s390x.whl", hash = "sha256:de6d1d1b9e5101508cb37ab0d972357cac5235f5c6533d1071964c47139257df"},
    {file = "pydantic_core-2.23.4-cp39-cp39-manylinux_2_17_x86_64.manylinux2014_x86_64.whl", hash = "sha256:1278e0d324f6908e872730c9102b0112477a7f7cf88b308e4fc36ce1bdb6d58c"},
    {file = "pydantic_core-2.23.4-cp39-cp39-manylinux_2_5_i686.manylinux1_i686.whl", hash = "sha256:9a6b5099eeec78827553827f4c6b8615978bb4b6a88e5d9b93eddf8bb6790f55"},
    {file = "pydantic_core-2.23.4-cp39-cp39-musllinux_1_1_aarch64.whl", hash = "sha256:e55541f756f9b3ee346b840103f32779c695a19826a4c442b7954550a0972040"},
    {file = "pydantic_core-2.23.4-cp39-cp39-musllinux_1_1_x86_64.whl", hash = "sha256:a5c7ba8ffb6d6f8f2ab08743be203654bb1aaa8c9dcb09f82ddd34eadb695605"},
    {file = "pydantic_core-2.23.4-cp39-none-win32.whl", hash = "sha256:37b0fe330e4a58d3c58b24d91d1eb102aeec675a3db4c292ec3928ecd892a9a6"},
    {file = "pydantic_core-2.23.4-cp39-none-win_amd64.whl", hash = "sha256:1498bec4c05c9c787bde9125cfdcc63a41004ff167f495063191b863399b1a29"},
    {file = "pydantic_core-2.23.4-pp310-pypy310_pp73-macosx_10_12_x86_64.whl", hash = "sha256:f455ee30a9d61d3e1a15abd5068827773d6e4dc513e795f380cdd59932c782d5"},
    {file = "pydantic_core-2.23.4-pp310-pypy310_pp73-macosx_11_0_arm64.whl", hash = "sha256:1e90d2e3bd2c3863d48525d297cd143fe541be8bbf6f579504b9712cb6b643ec"},
    {file = "pydantic_core-2.23.4-pp310-pypy310_pp73-manylinux_2_17_aarch64.manylinux2014_aarch64.whl", hash = "sha256:2e203fdf807ac7e12ab59ca2bfcabb38c7cf0b33c41efeb00f8e5da1d86af480"},
    {file = "pydantic_core-2.23.4-pp310-pypy310_pp73-manylinux_2_17_x86_64.manylinux2014_x86_64.whl", hash = "sha256:e08277a400de01bc72436a0ccd02bdf596631411f592ad985dcee21445bd0068"},
    {file = "pydantic_core-2.23.4-pp310-pypy310_pp73-manylinux_2_5_i686.manylinux1_i686.whl", hash = "sha256:f220b0eea5965dec25480b6333c788fb72ce5f9129e8759ef876a1d805d00801"},
    {file = "pydantic_core-2.23.4-pp310-pypy310_pp73-musllinux_1_1_aarch64.whl", hash = "sha256:d06b0c8da4f16d1d1e352134427cb194a0a6e19ad5db9161bf32b2113409e728"},
    {file = "pydantic_core-2.23.4-pp310-pypy310_pp73-musllinux_1_1_x86_64.whl", hash = "sha256:ba1a0996f6c2773bd83e63f18914c1de3c9dd26d55f4ac302a7efe93fb8e7433"},
    {file = "pydantic_core-2.23.4-pp310-pypy310_pp73-win_amd64.whl", hash = "sha256:9a5bce9d23aac8f0cf0836ecfc033896aa8443b501c58d0602dbfd5bd5b37753"},
    {file = "pydantic_core-2.23.4-pp39-pypy39_pp73-macosx_10_12_x86_64.whl", hash = "sha256:78ddaaa81421a29574a682b3179d4cf9e6d405a09b99d93ddcf7e5239c742e21"},
    {file = "pydantic_core-2.23.4-pp39-pypy39_pp73-macosx_11_0_arm64.whl", hash = "sha256:883a91b5dd7d26492ff2f04f40fbb652de40fcc0afe07e8129e8ae779c2110eb"},
    {file = "pydantic_core-2.23.4-pp39-pypy39_pp73-manylinux_2_17_aarch64.manylinux2014_aarch64.whl", hash = "sha256:88ad334a15b32a791ea935af224b9de1bf99bcd62fabf745d5f3442199d86d59"},
    {file = "pydantic_core-2.23.4-pp39-pypy39_pp73-manylinux_2_17_x86_64.manylinux2014_x86_64.whl", hash = "sha256:233710f069d251feb12a56da21e14cca67994eab08362207785cf8c598e74577"},
    {file = "pydantic_core-2.23.4-pp39-pypy39_pp73-manylinux_2_5_i686.manylinux1_i686.whl", hash = "sha256:19442362866a753485ba5e4be408964644dd6a09123d9416c54cd49171f50744"},
    {file = "pydantic_core-2.23.4-pp39-pypy39_pp73-musllinux_1_1_aarch64.whl", hash = "sha256:624e278a7d29b6445e4e813af92af37820fafb6dcc55c012c834f9e26f9aaaef"},
    {file = "pydantic_core-2.23.4-pp39-pypy39_pp73-musllinux_1_1_x86_64.whl", hash = "sha256:f5ef8f42bec47f21d07668a043f077d507e5bf4e668d5c6dfe6aaba89de1a5b8"},
    {file = "pydantic_core-2.23.4-pp39-pypy39_pp73-win_amd64.whl", hash = "sha256:aea443fffa9fbe3af1a9ba721a87f926fe548d32cab71d188a6ede77d0ff244e"},
    {file = "pydantic_core-2.23.4.tar.gz", hash = "sha256:2584f7cf844ac4d970fba483a717dbe10c1c1c96a969bf65d61ffe94df1b2863"},
]

[package.dependencies]
typing-extensions = ">=4.6.0,<4.7.0 || >4.7.0"

[[package]]
name = "pyright"
version = "1.1.382.post1"
description = "Command line wrapper for pyright"
optional = false
python-versions = ">=3.7"
files = [
    {file = "pyright-1.1.382.post1-py3-none-any.whl", hash = "sha256:21a4749dd1740e209f88d3a601e9f40748670d39481ea32b9d77edf7f3f1fb2e"},
    {file = "pyright-1.1.382.post1.tar.gz", hash = "sha256:66a5d4e83be9452853d73e9dd9e95ba0ac3061845270e4e331d0070a597d3445"},
]

[package.dependencies]
nodeenv = ">=1.6.0"
typing-extensions = ">=4.1"

[package.extras]
all = ["nodejs-wheel-binaries", "twine (>=3.4.1)"]
dev = ["twine (>=3.4.1)"]
nodejs = ["nodejs-wheel-binaries"]

[[package]]
name = "ruff"
version = "0.3.7"
description = "An extremely fast Python linter and code formatter, written in Rust."
optional = false
python-versions = ">=3.7"
files = [
    {file = "ruff-0.3.7-py3-none-macosx_10_12_x86_64.macosx_11_0_arm64.macosx_10_12_universal2.whl", hash = "sha256:0e8377cccb2f07abd25e84fc5b2cbe48eeb0fea9f1719cad7caedb061d70e5ce"},
    {file = "ruff-0.3.7-py3-none-macosx_10_12_x86_64.whl", hash = "sha256:15a4d1cc1e64e556fa0d67bfd388fed416b7f3b26d5d1c3e7d192c897e39ba4b"},
    {file = "ruff-0.3.7-py3-none-manylinux_2_17_aarch64.manylinux2014_aarch64.whl", hash = "sha256:d28bdf3d7dc71dd46929fafeec98ba89b7c3550c3f0978e36389b5631b793663"},
    {file = "ruff-0.3.7-py3-none-manylinux_2_17_armv7l.manylinux2014_armv7l.whl", hash = "sha256:379b67d4f49774ba679593b232dcd90d9e10f04d96e3c8ce4a28037ae473f7bb"},
    {file = "ruff-0.3.7-py3-none-manylinux_2_17_i686.manylinux2014_i686.whl", hash = "sha256:c060aea8ad5ef21cdfbbe05475ab5104ce7827b639a78dd55383a6e9895b7c51"},
    {file = "ruff-0.3.7-py3-none-manylinux_2_17_ppc64.manylinux2014_ppc64.whl", hash = "sha256:ebf8f615dde968272d70502c083ebf963b6781aacd3079081e03b32adfe4d58a"},
    {file = "ruff-0.3.7-py3-none-manylinux_2_17_ppc64le.manylinux2014_ppc64le.whl", hash = "sha256:d48098bd8f5c38897b03604f5428901b65e3c97d40b3952e38637b5404b739a2"},
    {file = "ruff-0.3.7-py3-none-manylinux_2_17_s390x.manylinux2014_s390x.whl", hash = "sha256:da8a4fda219bf9024692b1bc68c9cff4b80507879ada8769dc7e985755d662ea"},
    {file = "ruff-0.3.7-py3-none-manylinux_2_17_x86_64.manylinux2014_x86_64.whl", hash = "sha256:6c44e0149f1d8b48c4d5c33d88c677a4aa22fd09b1683d6a7ff55b816b5d074f"},
    {file = "ruff-0.3.7-py3-none-musllinux_1_2_aarch64.whl", hash = "sha256:3050ec0af72b709a62ecc2aca941b9cd479a7bf2b36cc4562f0033d688e44fa1"},
    {file = "ruff-0.3.7-py3-none-musllinux_1_2_armv7l.whl", hash = "sha256:a29cc38e4c1ab00da18a3f6777f8b50099d73326981bb7d182e54a9a21bb4ff7"},
    {file = "ruff-0.3.7-py3-none-musllinux_1_2_i686.whl", hash = "sha256:5b15cc59c19edca917f51b1956637db47e200b0fc5e6e1878233d3a938384b0b"},
    {file = "ruff-0.3.7-py3-none-musllinux_1_2_x86_64.whl", hash = "sha256:e491045781b1e38b72c91247cf4634f040f8d0cb3e6d3d64d38dcf43616650b4"},
    {file = "ruff-0.3.7-py3-none-win32.whl", hash = "sha256:bc931de87593d64fad3a22e201e55ad76271f1d5bfc44e1a1887edd0903c7d9f"},
    {file = "ruff-0.3.7-py3-none-win_amd64.whl", hash = "sha256:5ef0e501e1e39f35e03c2acb1d1238c595b8bb36cf7a170e7c1df1b73da00e74"},
    {file = "ruff-0.3.7-py3-none-win_arm64.whl", hash = "sha256:789e144f6dc7019d1f92a812891c645274ed08af6037d11fc65fcbc183b7d59f"},
    {file = "ruff-0.3.7.tar.gz", hash = "sha256:d5c1aebee5162c2226784800ae031f660c350e7a3402c4d1f8ea4e97e232e3ba"},
]

[[package]]
name = "tqdm"
version = "4.66.5"
description = "Fast, Extensible Progress Meter"
optional = false
python-versions = ">=3.7"
files = [
    {file = "tqdm-4.66.5-py3-none-any.whl", hash = "sha256:90279a3770753eafc9194a0364852159802111925aa30eb3f9d85b0e805ac7cd"},
    {file = "tqdm-4.66.5.tar.gz", hash = "sha256:e1020aef2e5096702d8a025ac7d16b1577279c9d63f8375b63083e9a5f0fcbad"},
]

[package.dependencies]
colorama = {version = "*", markers = "platform_system == \"Windows\""}

[package.extras]
dev = ["pytest (>=6)", "pytest-cov", "pytest-timeout", "pytest-xdist"]
notebook = ["ipywidgets (>=6)"]
slack = ["slack-sdk"]
telegram = ["requests"]

[[package]]
name = "typing-extensions"
version = "4.12.2"
description = "Backported and Experimental Type Hints for Python 3.8+"
optional = false
python-versions = ">=3.8"
files = [
    {file = "typing_extensions-4.12.2-py3-none-any.whl", hash = "sha256:04e5ca0351e0f3f85c6853954072df659d0d13fac324d0072316b67d7794700d"},
    {file = "typing_extensions-4.12.2.tar.gz", hash = "sha256:1a7ead55c7e559dd4dee8856e3a88b41225abfe1ce8df57b7c13915fe121ffb8"},
]

[[package]]
name = "zstd"
version = "1.5.5.1"
description = "ZSTD Bindings for Python"
optional = false
python-versions = "*"
files = [
    {file = "zstd-1.5.5.1-cp27-cp27m-macosx_10_14_x86_64.whl", hash = "sha256:555779789bc75cd05089c3ba857f45a0a8c4b87d45e5ced02fec77fa8719237a"},
    {file = "zstd-1.5.5.1-cp27-cp27m-manylinux1_i686.whl", hash = "sha256:86496bd4830cdb7b4b05a9ce6ce2baee87d327ff90845da4ee308452bfbbed4e"},
    {file = "zstd-1.5.5.1-cp27-cp27m-manylinux1_x86_64.whl", hash = "sha256:b487c2e67ed42a4e0d47997d209f4456b01b334023083ef61873f79577c84c62"},
    {file = "zstd-1.5.5.1-cp27-cp27mu-manylinux1_i686.whl", hash = "sha256:45ccd45a5b681088fca1a863ca9236ded5112b8011f1d5bf69e908f5eb32023a"},
    {file = "zstd-1.5.5.1-cp27-cp27mu-manylinux1_x86_64.whl", hash = "sha256:8403fe84207d8b0c7b17bca6c4caad431ac765b1b9b626ad9fae4bb93a64a9d8"},
    {file = "zstd-1.5.5.1-cp310-cp310-macosx_10_14_x86_64.whl", hash = "sha256:0ab979c6357b8927f0c025ea2f72f25e15d03ce17a8a6c1789e2d5b108bf39ae"},
    {file = "zstd-1.5.5.1-cp310-cp310-macosx_11_0_arm64.whl", hash = "sha256:98cbee6c1b2fe85f02fd475d885f98363c63bc64eebc249d7eb7469a0ff70283"},
    {file = "zstd-1.5.5.1-cp310-cp310-manylinux_2_17_aarch64.manylinux2014_aarch64.whl", hash = "sha256:9962714b89641301029f3832bdf07c20f60b9e64e39e8d7b6253451a82b54f5c"},
    {file = "zstd-1.5.5.1-cp310-cp310-manylinux_2_17_x86_64.manylinux2014_x86_64.whl", hash = "sha256:1f59cc92d71537f8082306f75aa403ddb4a4a1069a39f104525673110e4d23f7"},
    {file = "zstd-1.5.5.1-cp310-cp310-manylinux_2_5_i686.manylinux1_i686.manylinux_2_17_i686.manylinux2014_i686.whl", hash = "sha256:569f13d0c926ddafceebce8ac73baddfc2bd9cbbbbc922b6b3073338cc43dae6"},
    {file = "zstd-1.5.5.1-cp310-cp310-musllinux_1_1_aarch64.whl", hash = "sha256:ba530c44f252016acc6ef906d7d2070c1ad0cfe835c498fdcd37493e4772ac6e"},
    {file = "zstd-1.5.5.1-cp310-cp310-musllinux_1_1_i686.whl", hash = "sha256:8ee3496ed8fff3add6c6e658b207f18d96474c3db0c28ab7a69623380b1a0a8c"},
    {file = "zstd-1.5.5.1-cp310-cp310-musllinux_1_1_x86_64.whl", hash = "sha256:530d69bea2791cde8afa7fe988f3a37c3ba37015f6a1d5593c0500f089f3090e"},
    {file = "zstd-1.5.5.1-cp310-cp310-win32.whl", hash = "sha256:cf179e51f447b6a7ff47e449fcb98fb5fe15aedcc90401697cf7c93dd6e4434e"},
    {file = "zstd-1.5.5.1-cp310-cp310-win_amd64.whl", hash = "sha256:5f5e6e0805d710d7509c8d175a467eb89c631a4142b1a630ceeb8e3e3138d152"},
    {file = "zstd-1.5.5.1-cp311-cp311-macosx_10_14_x86_64.whl", hash = "sha256:022f935a8666e08f0fff6204938a84d9fe4fcd8235a205787275933a07a164fb"},
    {file = "zstd-1.5.5.1-cp311-cp311-macosx_11_0_arm64.whl", hash = "sha256:a3d15a2d18dac8bcafdde52fdf5d40ecae1f73b7de19b171f42339d2e51346d0"},
    {file = "zstd-1.5.5.1-cp311-cp311-manylinux_2_17_aarch64.manylinux2014_aarch64.whl", hash = "sha256:45b9c67989f50ba63ffa0c50c9eaa037c2d14abacb0813e838ad705135245b4b"},
    {file = "zstd-1.5.5.1-cp311-cp311-manylinux_2_17_x86_64.manylinux2014_x86_64.whl", hash = "sha256:97da6a842ba7e4acf8bba7c596057143ee39b3c4a467196c2096d460e44accd6"},
    {file = "zstd-1.5.5.1-cp311-cp311-manylinux_2_5_i686.manylinux1_i686.manylinux_2_17_i686.manylinux2014_i686.whl", hash = "sha256:2dafd492fb8ee4ae04c81ab00f5f137860e7071f611335dd4cdb1c38bd8f11bc"},
    {file = "zstd-1.5.5.1-cp311-cp311-musllinux_1_1_aarch64.whl", hash = "sha256:9ee83e0bcbfd776200b026b3b9e86c6c86b8f414749f58d87c85dcf456b27066"},
    {file = "zstd-1.5.5.1-cp311-cp311-musllinux_1_1_i686.whl", hash = "sha256:ae2fd4bc8ea772a7b5f1acd1cac9e34bb9cd8fcde191f170092fdeea779a3a12"},
    {file = "zstd-1.5.5.1-cp311-cp311-musllinux_1_1_x86_64.whl", hash = "sha256:edea52a0109f48fd46f4763689d3d356dcafd20ddf6789c559a1bd2e62b40a32"},
    {file = "zstd-1.5.5.1-cp311-cp311-win32.whl", hash = "sha256:88410481209520298ec4430e0d1d57e004c45e0b27c3035674fb182ccd2d8b7b"},
    {file = "zstd-1.5.5.1-cp311-cp311-win_amd64.whl", hash = "sha256:dce18aaefbacf8b133367be86beec670baf68c0420bfcca49be08dbdbf933db6"},
    {file = "zstd-1.5.5.1-cp35-cp35m-macosx_10_14_x86_64.whl", hash = "sha256:634dc632f7cf87e95dabf74dcf682e3507bd5cb9dd1bcdb81f92a6521aab0bd2"},
    {file = "zstd-1.5.5.1-cp35-cp35m-manylinux1_i686.whl", hash = "sha256:608414eb75ead573891d97a1e529848b8f31749d21a440e80838548a19d8c0e6"},
    {file = "zstd-1.5.5.1-cp35-cp35m-manylinux1_x86_64.whl", hash = "sha256:384128f7a731e3f45da49976591cec03fc4079e70653df10d9ea43a1d3b49d50"},
    {file = "zstd-1.5.5.1-cp35-cp35m-win32.whl", hash = "sha256:4bce254174ef05cea01021d67e18489d5d08db1168e758b62ecee121572a52a9"},
    {file = "zstd-1.5.5.1-cp35-cp35m-win_amd64.whl", hash = "sha256:3f0ff81232b49d7eb4f4d9e6f92443c9d242c139ad98ffedac0e889568f900ce"},
    {file = "zstd-1.5.5.1-cp36-cp36m-macosx_10_14_x86_64.whl", hash = "sha256:a871df41b801a260cc849c2c76f300ebb9d286c4b7a1fd6ce45fe0c91340b767"},
    {file = "zstd-1.5.5.1-cp36-cp36m-manylinux1_i686.whl", hash = "sha256:5a53860dbfbea281eb690ce09cae28967cf1df8e6d7560e4a8bf5b9fcb258147"},
    {file = "zstd-1.5.5.1-cp36-cp36m-manylinux1_x86_64.whl", hash = "sha256:a37cbc0580fdfd66c8b3ec65f9af00a4a34e9781b54dfb89f04d301dc375c90a"},
    {file = "zstd-1.5.5.1-cp36-cp36m-win32.whl", hash = "sha256:5531b683539ae1f7b2ad23dacee8a73e5d7eaa6702ea8df5a24bd3318647dee1"},
    {file = "zstd-1.5.5.1-cp36-cp36m-win_amd64.whl", hash = "sha256:eeaff418269b41eee8c7971fbba9d32d07d3f6aa26f962a72aff725071096a1b"},
    {file = "zstd-1.5.5.1-cp37-cp37m-macosx_10_14_x86_64.whl", hash = "sha256:8bd6a9050de8bbe844447348372ca17d01bc05207619f6a5d448567d111b5cd9"},
    {file = "zstd-1.5.5.1-cp37-cp37m-manylinux_2_17_aarch64.manylinux2014_aarch64.whl", hash = "sha256:e2ece3d20ef357370584f304407fbd1e4ff9c231209320e08a889b8e3725d56e"},
    {file = "zstd-1.5.5.1-cp37-cp37m-manylinux_2_17_x86_64.manylinux2014_x86_64.whl", hash = "sha256:687f9e03dc9f9b8803840425bb23bf6bc700888b4860afcf43c4f238102752d2"},
    {file = "zstd-1.5.5.1-cp37-cp37m-manylinux_2_5_i686.manylinux1_i686.manylinux_2_17_i686.manylinux2014_i686.whl", hash = "sha256:3a649daac9c8f1b37d29f2b3d0a43f134061659b54877fe4b0da6df2965dc91f"},
    {file = "zstd-1.5.5.1-cp37-cp37m-musllinux_1_1_aarch64.whl", hash = "sha256:bddc7e3c3ce31c01fe1edaa7c03c0b9e71eadf4ce1609746d32f86d95a0449e6"},
    {file = "zstd-1.5.5.1-cp37-cp37m-musllinux_1_1_i686.whl", hash = "sha256:12bf8e04add8bb84f9fe9117f3de6d9394eade6a5a82fe4d6bd95914fc6ef423"},
    {file = "zstd-1.5.5.1-cp37-cp37m-musllinux_1_1_x86_64.whl", hash = "sha256:9e6a15fa4d2e65c5902ab2a4e41279ac126cb371ce6c3c75ad5789bb20dd1f54"},
    {file = "zstd-1.5.5.1-cp37-cp37m-win32.whl", hash = "sha256:a1c269243a4321beb948635b544ccbe6390846358ace620fd000ab7099011d9c"},
    {file = "zstd-1.5.5.1-cp37-cp37m-win_amd64.whl", hash = "sha256:91366e36773241cb4b049a32f4495d33dd274df1eea5b55396f5f3984a3de22e"},
    {file = "zstd-1.5.5.1-cp38-cp38-macosx_10_14_x86_64.whl", hash = "sha256:d3ce2cb310690994274d133ea7f269dd4b81799fdbce158690556209723d7d4e"},
    {file = "zstd-1.5.5.1-cp38-cp38-macosx_11_0_arm64.whl", hash = "sha256:e0c87bfbfa9d852f79c90bcd7426c3ba46cf3285e6984013636d4fc854ba9230"},
    {file = "zstd-1.5.5.1-cp38-cp38-manylinux_2_17_aarch64.manylinux2014_aarch64.whl", hash = "sha256:a89ce6d829d515f272fddb3a87e1a5f32cc0f1a7b0cba24d360c89f4a165b74b"},
    {file = "zstd-1.5.5.1-cp38-cp38-manylinux_2_17_x86_64.manylinux2014_x86_64.whl", hash = "sha256:e05f81f346213b23ed1b12d84fc1f72e65eacd8978e1e88facf185c82bd3d053"},
    {file = "zstd-1.5.5.1-cp38-cp38-manylinux_2_5_i686.manylinux1_i686.manylinux_2_17_i686.manylinux2014_i686.whl", hash = "sha256:43ec66c4c3a76351c672c6ef9f0ff3412fca9ede0a56d18dddaf6418a93faef8"},
    {file = "zstd-1.5.5.1-cp38-cp38-musllinux_1_1_aarch64.whl", hash = "sha256:58e554e91e0d49f4f2b2df390cdd0f64aa9b6fd5f4dcb208c094bfd079b30f3a"},
    {file = "zstd-1.5.5.1-cp38-cp38-musllinux_1_1_i686.whl", hash = "sha256:883c6d3b6f5574e1765ca97f4b6a41b69094a41be56175552faebc0e0e43b65e"},
    {file = "zstd-1.5.5.1-cp38-cp38-musllinux_1_1_x86_64.whl", hash = "sha256:d52b6932cab5419c434bccfea3e5640e755369fc9eeb51e3d17e15bf8e8cb103"},
    {file = "zstd-1.5.5.1-cp38-cp38-win32.whl", hash = "sha256:dcaf44270ec88552e969be4dd3359b34aa3065663ccd8168a257c78f150a356c"},
    {file = "zstd-1.5.5.1-cp38-cp38-win_amd64.whl", hash = "sha256:627f12cb7035723c8f3d8d4cefcad6d950ed9cba33fd3eb46bae04ccab479234"},
    {file = "zstd-1.5.5.1-cp39-cp39-macosx_10_14_x86_64.whl", hash = "sha256:c0dab132c1a5a7cc838a7c3e4e380ad153b9d7bd1fadafabf6cfeb780b916201"},
    {file = "zstd-1.5.5.1-cp39-cp39-macosx_11_0_arm64.whl", hash = "sha256:d4ab0a5dd9a41d3b083304beee7ada40ee36431acbeb75132032f4fe5cf0490a"},
    {file = "zstd-1.5.5.1-cp39-cp39-manylinux_2_17_aarch64.manylinux2014_aarch64.whl", hash = "sha256:9f6e38f496d287020658c6b4cdb5e815ecc6998889bd0f1f9ab0825f2e3d74ef"},
    {file = "zstd-1.5.5.1-cp39-cp39-manylinux_2_17_x86_64.manylinux2014_x86_64.whl", hash = "sha256:e0096c8ee0ed4bfe406bc961019f55552109e19771bfd3eb32d2af56ea27085c"},
    {file = "zstd-1.5.5.1-cp39-cp39-manylinux_2_5_i686.manylinux1_i686.manylinux_2_17_i686.manylinux2014_i686.whl", hash = "sha256:1a0f1527728c50b6aa8f04b47a07580f0ae13cfc6c6d9c96bb0bdf5259487559"},
    {file = "zstd-1.5.5.1-cp39-cp39-musllinux_1_1_aarch64.whl", hash = "sha256:6a64e420c904063c5c3de53c00ec0993ebc0a48cebbef97dc6c768562c5abab5"},
    {file = "zstd-1.5.5.1-cp39-cp39-musllinux_1_1_i686.whl", hash = "sha256:03444e357b7632c64480a81ce7095242dab9d7f8aed317326563ef6c663263eb"},
    {file = "zstd-1.5.5.1-cp39-cp39-musllinux_1_1_x86_64.whl", hash = "sha256:88b9a10f80d2b87bf8cc1a1fc20a815ed92b5eefdc15cbe8062021f0b5a26a10"},
    {file = "zstd-1.5.5.1-cp39-cp39-win32.whl", hash = "sha256:c91cc1606eb8b3a6fed11faaef4c6e55f1133d70cf0db0c829a2cf9c2ac1dfd9"},
    {file = "zstd-1.5.5.1-cp39-cp39-win_amd64.whl", hash = "sha256:f462e2ebf26dcbfc2c8dddd6b5c56859683f0b77edb8f268e637f7d390a58f74"},
    {file = "zstd-1.5.5.1-pp27-pypy_73-macosx_10_14_x86_64.whl", hash = "sha256:c63f916732e3e309e49ec95e7a0af5d37ff1321f3df2aac10e507bd2b56fceda"},
    {file = "zstd-1.5.5.1-pp27-pypy_73-manylinux1_x86_64.whl", hash = "sha256:50d4850d758bb033df50722cc13ed913b2afcd5385250be4f3ffb79a26b319c3"},
    {file = "zstd-1.5.5.1-pp27-pypy_73-manylinux2010_x86_64.whl", hash = "sha256:0412d666515e78a91ada7e2d78e9dd6b25ddda1b41623b145b99653275c7f3ce"},
    {file = "zstd-1.5.5.1-pp36-pypy36_pp73-macosx_10_14_x86_64.whl", hash = "sha256:0ea91f74869a3cdcb2dde08f8f30ee3da72782c5d1737afed9c703232815864e"},
    {file = "zstd-1.5.5.1-pp36-pypy36_pp73-manylinux1_x86_64.whl", hash = "sha256:477548897dc2b8b595af7bec5f0f55dcba8e9a282335f687cc663b52b171357b"},
    {file = "zstd-1.5.5.1-pp36-pypy36_pp73-manylinux2010_x86_64.whl", hash = "sha256:c518938b57a56001ee04dcf79a432152f5bd431416f3b22819ba959bc6054d89"},
    {file = "zstd-1.5.5.1-pp36-pypy36_pp73-win32.whl", hash = "sha256:894a8fe0228d5e24dc286a8d98eb0ce2883f8e2e57f3b7e7619ebdb67967120a"},
    {file = "zstd-1.5.5.1-pp37-pypy37_pp73-macosx_10_14_x86_64.whl", hash = "sha256:42ec0a4ae9bedd9909fa4f580f3c800469da1b631faeaa94f204e1b66c767fa2"},
    {file = "zstd-1.5.5.1-pp37-pypy37_pp73-manylinux_2_17_aarch64.manylinux2014_aarch64.whl", hash = "sha256:d56dedaa04ab8ecc23492972b12e0bf8529f64c9bceb28c11f43c2369c9768b3"},
    {file = "zstd-1.5.5.1-pp37-pypy37_pp73-manylinux_2_17_x86_64.manylinux2014_x86_64.whl", hash = "sha256:d5b060770d796e4c01f5848b345c3cea8a177ab4e7cd95a1963a355042d429e1"},
    {file = "zstd-1.5.5.1-pp37-pypy37_pp73-manylinux_2_5_i686.manylinux1_i686.manylinux_2_17_i686.manylinux2014_i686.whl", hash = "sha256:fea04805ef6e1cb93d6e5d6bbc7a03bc75a5c733fd352d5aaa81109986fdf1ef"},
    {file = "zstd-1.5.5.1-pp37-pypy37_pp73-win_amd64.whl", hash = "sha256:405c28a35756e57a434bbd7ed29dc5e6490cd2fc2118cbf78b60eaebd134f5e9"},
    {file = "zstd-1.5.5.1-pp38-pypy38_pp73-macosx_10_14_x86_64.whl", hash = "sha256:c42e630443b01a891277426365a51a2aa630b059ce675992c70c1928d30eccb4"},
    {file = "zstd-1.5.5.1-pp38-pypy38_pp73-manylinux_2_17_aarch64.manylinux2014_aarch64.whl", hash = "sha256:1520d23f24f26cdfbcdb4dc86947446b8f694838bfce728d7fc4b3492397357c"},
    {file = "zstd-1.5.5.1-pp38-pypy38_pp73-manylinux_2_17_x86_64.manylinux2014_x86_64.whl", hash = "sha256:7f4730737f63cf802321743ded6acc85e747e7f5587c5ba2e51a760bf009f7de"},
    {file = "zstd-1.5.5.1-pp38-pypy38_pp73-manylinux_2_5_i686.manylinux1_i686.manylinux_2_17_i686.manylinux2014_i686.whl", hash = "sha256:e9f8c014395e89ad7f67ffe873c0fa1d8e9b4dea8b1801d24e8d9ccd8259858d"},
    {file = "zstd-1.5.5.1-pp38-pypy38_pp73-win_amd64.whl", hash = "sha256:5d9ba4f6af0945809bfa3387c6a1208a22937a876521b9ec347e7183d623311b"},
    {file = "zstd-1.5.5.1-pp39-pypy39_pp73-macosx_10_14_x86_64.whl", hash = "sha256:04dfd9f46b0b0b1bc413884fe028b726febcb726d4f66e3cf8afc00c2d9026bf"},
    {file = "zstd-1.5.5.1-pp39-pypy39_pp73-manylinux_2_17_aarch64.manylinux2014_aarch64.whl", hash = "sha256:af52436a2eb5caa925d95461973984cb34d472a963b6be1c0a9f2dfbafad096f"},
    {file = "zstd-1.5.5.1-pp39-pypy39_pp73-manylinux_2_17_x86_64.manylinux2014_x86_64.whl", hash = "sha256:610928b888a2e7ae9d2018ffa814859d47ec4ba75f89a1188ab4eb9232636ee5"},
    {file = "zstd-1.5.5.1-pp39-pypy39_pp73-manylinux_2_5_i686.manylinux1_i686.manylinux_2_17_i686.manylinux2014_i686.whl", hash = "sha256:ee3c9feea99c7f4ff43129a885da056b5aa0cde3f7876bf6397bfb9433f44352"},
    {file = "zstd-1.5.5.1-pp39-pypy39_pp73-win_amd64.whl", hash = "sha256:c6ac9768eeb3c6b530db93de2fec9b363776075dc8a00ee4049612ba5397ca8e"},
    {file = "zstd-1.5.5.1.tar.gz", hash = "sha256:1ef980abf0e1e072b028d2d76ef95b476632651c96225cf30b619c6eef625672"},
]

[metadata]
lock-version = "2.0"
python-versions = "^3.12"
content-hash = "c071ee4f1d4e324790622e41e18b260f023918d950f07f420e69b126c748783c"
